
Microsoft Visual Studio Solution File, Format Version 12.00
# Visual Studio Version 17
VisualStudioVersion = 17.2.32630.192
MinimumVisualStudioVersion = 10.0.40219.1
Project("{FAE04EC0-301F-11D3-BF4B-00C04F79EFBC}") = "QuanLiBanVeMayBay", "QuanLiBanVeMayBay\QuanLiBanVeMayBay.csproj", "{B186677C-F4E6-4C6C-974E-D1996758DB8F}"
EndProject
Global
	GlobalSection(SolutionConfigurationPlatforms) = preSolution
		Debug|Any CPU = Debug|Any CPU
		Release|Any CPU = Release|Any CPU
	EndGlobalSection
	GlobalSection(ProjectConfigurationPlatforms) = postSolution
		{B186677C-F4E6-4C6C-974E-D1996758DB8F}.Debug|Any CPU.ActiveCfg = Debug|Any CPU
		{B186677C-F4E6-4C6C-974E-D1996758DB8F}.Debug|Any CPU.Build.0 = Debug|Any CPU
		{B186677C-F4E6-4C6C-974E-D1996758DB8F}.Release|Any CPU.ActiveCfg = Release|Any CPU
		{B186677C-F4E6-4C6C-974E-D1996758DB8F}.Release|Any CPU.Build.0 = Release|Any CPU
	EndGlobalSection
	GlobalSection(SolutionProperties) = preSolution
		HideSolutionNode = FALSE
	EndGlobalSection
	GlobalSection(ExtensibilityGlobals) = postSolution
		SolutionGuid = {FDF02DF2-6B74-46A7-9824-1624CF6DB455}
	EndGlobalSection
EndGlobal
